// !$*UTF8*$!
{
	archiveVersion = 1;
	classes = {
	};
	objectVersion = 70;
	objects = {

/* Begin PBXBuildFile section */
		4B2B614E2C54020000A1EEE6 /* SwiftUIBlanket in Frameworks */ = {isa = PBXBuildFile; productRef = 4B2B614D2C54020000A1EEE6 /* SwiftUIBlanket */; };
/* End PBXBuildFile section */

/* Begin PBXContainerItemProxy section */
		4B2B61302C5401DD00A1EEE6 /* PBXContainerItemProxy */ = {
			isa = PBXContainerItemProxy;
			containerPortal = 4B2B61172C5401DB00A1EEE6 /* Project object */;
			proxyType = 1;
			remoteGlobalIDString = 4B2B611E2C5401DB00A1EEE6;
			remoteInfo = Development;
		};
		4B2B613A2C5401DD00A1EEE6 /* PBXContainerItemProxy */ = {
			isa = PBXContainerItemProxy;
			containerPortal = 4B2B61172C5401DB00A1EEE6 /* Project object */;
			proxyType = 1;
			remoteGlobalIDString = 4B2B611E2C5401DB00A1EEE6;
			remoteInfo = Development;
		};
/* End PBXContainerItemProxy section */

/* Begin PBXFileReference section */
		4B2B611F2C5401DB00A1EEE6 /* Development.app */ = {isa = PBXFileReference; explicitFileType = wrapper.application; includeInIndex = 0; path = Development.app; sourceTree = BUILT_PRODUCTS_DIR; };
		4B2B612F2C5401DD00A1EEE6 /* DevelopmentTests.xctest */ = {isa = PBXFileReference; explicitFileType = wrapper.cfbundle; includeInIndex = 0; path = DevelopmentTests.xctest; sourceTree = BUILT_PRODUCTS_DIR; };
		4B2B61392C5401DD00A1EEE6 /* DevelopmentUITests.xctest */ = {isa = PBXFileReference; explicitFileType = wrapper.cfbundle; includeInIndex = 0; path = DevelopmentUITests.xctest; sourceTree = BUILT_PRODUCTS_DIR; };
/* End PBXFileReference section */

/* Begin PBXFileSystemSynchronizedRootGroup section */
		4B2B61212C5401DB00A1EEE6 /* Development */ = {isa = PBXFileSystemSynchronizedRootGroup; explicitFileTypes = {}; explicitFolders = (); path = Development; sourceTree = "<group>"; };
		4B2B61322C5401DD00A1EEE6 /* DevelopmentTests */ = {isa = PBXFileSystemSynchronizedRootGroup; explicitFileTypes = {}; explicitFolders = (); path = DevelopmentTests; sourceTree = "<group>"; };
		4B2B613C2C5401DD00A1EEE6 /* DevelopmentUITests */ = {isa = PBXFileSystemSynchronizedRootGroup; explicitFileTypes = {}; explicitFolders = (); path = DevelopmentUITests; sourceTree = "<group>"; };
/* End PBXFileSystemSynchronizedRootGroup section */

/* Begin PBXFrameworksBuildPhase section */
		4B2B611C2C5401DB00A1EEE6 /* Frameworks */ = {
			isa = PBXFrameworksBuildPhase;
			buildActionMask = 2147483647;
			files = (
				4B2B614E2C54020000A1EEE6 /* SwiftUIBlanket in Frameworks */,
			);
			runOnlyForDeploymentPostprocessing = 0;
		};
		4B2B612C2C5401DD00A1EEE6 /* Frameworks */ = {
			isa = PBXFrameworksBuildPhase;
			buildActionMask = 2147483647;
			files = (
			);
			runOnlyForDeploymentPostprocessing = 0;
		};
		4B2B61362C5401DD00A1EEE6 /* Frameworks */ = {
			isa = PBXFrameworksBuildPhase;
			buildActionMask = 2147483647;
			files = (
			);
			runOnlyForDeploymentPostprocessing = 0;
		};
/* End PBXFrameworksBuildPhase section */

/* Begin PBXGroup section */
		4B2B61162C5401DB00A1EEE6 = {
			isa = PBXGroup;
			children = (
				4B2B61212C5401DB00A1EEE6 /* Development */,
				4B2B61322C5401DD00A1EEE6 /* DevelopmentTests */,
				4B2B613C2C5401DD00A1EEE6 /* DevelopmentUITests */,
				4B2B61202C5401DB00A1EEE6 /* Products */,
			);
			sourceTree = "<group>";
		};
		4B2B61202C5401DB00A1EEE6 /* Products */ = {
			isa = PBXGroup;
			children = (
				4B2B611F2C5401DB00A1EEE6 /* Development.app */,
				4B2B612F2C5401DD00A1EEE6 /* DevelopmentTests.xctest */,
				4B2B61392C5401DD00A1EEE6 /* DevelopmentUITests.xctest */,
			);
			name = Products;
			sourceTree = "<group>";
		};
/* End PBXGroup section */

/* Begin PBXNativeTarget section */
		4B2B611E2C5401DB00A1EEE6 /* Development */ = {
			isa = PBXNativeTarget;
			buildConfigurationList = 4B2B61432C5401DD00A1EEE6 /* Build configuration list for PBXNativeTarget "Development" */;
			buildPhases = (
				4B2B611B2C5401DB00A1EEE6 /* Sources */,
				4B2B611C2C5401DB00A1EEE6 /* Frameworks */,
				4B2B611D2C5401DB00A1EEE6 /* Resources */,
			);
			buildRules = (
			);
			dependencies = (
			);
			fileSystemSynchronizedGroups = (
				4B2B61212C5401DB00A1EEE6 /* Development */,
			);
			name = Development;
			packageProductDependencies = (
				4B2B614D2C54020000A1EEE6 /* SwiftUIBlanket */,
			);
			productName = Development;
			productReference = 4B2B611F2C5401DB00A1EEE6 /* Development.app */;
			productType = "com.apple.product-type.application";
		};
		4B2B612E2C5401DD00A1EEE6 /* DevelopmentTests */ = {
			isa = PBXNativeTarget;
			buildConfigurationList = 4B2B61462C5401DD00A1EEE6 /* Build configuration list for PBXNativeTarget "DevelopmentTests" */;
			buildPhases = (
				4B2B612B2C5401DD00A1EEE6 /* Sources */,
				4B2B612C2C5401DD00A1EEE6 /* Frameworks */,
				4B2B612D2C5401DD00A1EEE6 /* Resources */,
			);
			buildRules = (
			);
			dependencies = (
				4B2B61312C5401DD00A1EEE6 /* PBXTargetDependency */,
			);
			fileSystemSynchronizedGroups = (
				4B2B61322C5401DD00A1EEE6 /* DevelopmentTests */,
			);
			name = DevelopmentTests;
			packageProductDependencies = (
			);
			productName = DevelopmentTests;
			productReference = 4B2B612F2C5401DD00A1EEE6 /* DevelopmentTests.xctest */;
			productType = "com.apple.product-type.bundle.unit-test";
		};
		4B2B61382C5401DD00A1EEE6 /* DevelopmentUITests */ = {
			isa = PBXNativeTarget;
			buildConfigurationList = 4B2B61492C5401DD00A1EEE6 /* Build configuration list for PBXNativeTarget "DevelopmentUITests" */;
			buildPhases = (
				4B2B61352C5401DD00A1EEE6 /* Sources */,
				4B2B61362C5401DD00A1EEE6 /* Frameworks */,
				4B2B61372C5401DD00A1EEE6 /* Resources */,
			);
			buildRules = (
			);
			dependencies = (
				4B2B613B2C5401DD00A1EEE6 /* PBXTargetDependency */,
			);
			fileSystemSynchronizedGroups = (
				4B2B613C2C5401DD00A1EEE6 /* DevelopmentUITests */,
			);
			name = DevelopmentUITests;
			packageProductDependencies = (
			);
			productName = DevelopmentUITests;
			productReference = 4B2B61392C5401DD00A1EEE6 /* DevelopmentUITests.xctest */;
			productType = "com.apple.product-type.bundle.ui-testing";
		};
/* End PBXNativeTarget section */

/* Begin PBXProject section */
		4B2B61172C5401DB00A1EEE6 /* Project object */ = {
			isa = PBXProject;
			attributes = {
				BuildIndependentTargetsInParallel = 1;
				LastSwiftUpdateCheck = 1600;
				LastUpgradeCheck = 1600;
				TargetAttributes = {
					4B2B611E2C5401DB00A1EEE6 = {
						CreatedOnToolsVersion = 16.0;
					};
					4B2B612E2C5401DD00A1EEE6 = {
						CreatedOnToolsVersion = 16.0;
						TestTargetID = 4B2B611E2C5401DB00A1EEE6;
					};
					4B2B61382C5401DD00A1EEE6 = {
						CreatedOnToolsVersion = 16.0;
						TestTargetID = 4B2B611E2C5401DB00A1EEE6;
					};
				};
			};
			buildConfigurationList = 4B2B611A2C5401DB00A1EEE6 /* Build configuration list for PBXProject "Development" */;
			compatibilityVersion = "Xcode 15.0";
			developmentRegion = en;
			hasScannedForEncodings = 0;
			knownRegions = (
				en,
				Base,
			);
			mainGroup = 4B2B61162C5401DB00A1EEE6;
			packageReferences = (
				4B2B614C2C54020000A1EEE6 /* XCLocalSwiftPackageReference "../../swiftui-blanket" */,
			);
			productRefGroup = 4B2B61202C5401DB00A1EEE6 /* Products */;
			projectDirPath = "";
			projectRoot = "";
			targets = (
				4B2B611E2C5401DB00A1EEE6 /* Development */,
				4B2B612E2C5401DD00A1EEE6 /* DevelopmentTests */,
				4B2B61382C5401DD00A1EEE6 /* DevelopmentUITests */,
			);
		};
/* End PBXProject section */

/* Begin PBXResourcesBuildPhase section */
		4B2B611D2C5401DB00A1EEE6 /* Resources */ = {
			isa = PBXResourcesBuildPhase;
			buildActionMask = 2147483647;
			files = (
			);
			runOnlyForDeploymentPostprocessing = 0;
		};
		4B2B612D2C5401DD00A1EEE6 /* Resources */ = {
			isa = PBXResourcesBuildPhase;
			buildActionMask = 2147483647;
			files = (
			);
			runOnlyForDeploymentPostprocessing = 0;
		};
		4B2B61372C5401DD00A1EEE6 /* Resources */ = {
			isa = PBXResourcesBuildPhase;
			buildActionMask = 2147483647;
			files = (
			);
			runOnlyForDeploymentPostprocessing = 0;
		};
/* End PBXResourcesBuildPhase section */

/* Begin PBXSourcesBuildPhase section */
		4B2B611B2C5401DB00A1EEE6 /* Sources */ = {
			isa = PBXSourcesBuildPhase;
			buildActionMask = 2147483647;
			files = (
			);
			runOnlyForDeploymentPostprocessing = 0;
		};
		4B2B612B2C5401DD00A1EEE6 /* Sources */ = {
			isa = PBXSourcesBuildPhase;
			buildActionMask = 2147483647;
			files = (
			);
			runOnlyForDeploymentPostprocessing = 0;
		};
		4B2B61352C5401DD00A1EEE6 /* Sources */ = {
			isa = PBXSourcesBuildPhase;
			buildActionMask = 2147483647;
			files = (
			);
			runOnlyForDeploymentPostprocessing = 0;
		};
/* End PBXSourcesBuildPhase section */

/* Begin PBXTargetDependency section */
		4B2B61312C5401DD00A1EEE6 /* PBXTargetDependency */ = {
			isa = PBXTargetDependency;
			target = 4B2B611E2C5401DB00A1EEE6 /* Development */;
			targetProxy = 4B2B61302C5401DD00A1EEE6 /* PBXContainerItemProxy */;
		};
		4B2B613B2C5401DD00A1EEE6 /* PBXTargetDependency */ = {
			isa = PBXTargetDependency;
			target = 4B2B611E2C5401DB00A1EEE6 /* Development */;
			targetProxy = 4B2B613A2C5401DD00A1EEE6 /* PBXContainerItemProxy */;
		};
/* End PBXTargetDependency section */

/* Begin XCBuildConfiguration section */
		4B2B61412C5401DD00A1EEE6 /* Debug */ = {
			isa = XCBuildConfiguration;
			buildSettings = {
				ALWAYS_SEARCH_USER_PATHS = NO;
				ASSETCATALOG_COMPILER_GENERATE_SWIFT_ASSET_SYMBOL_EXTENSIONS = YES;
				CLANG_ANALYZER_NONNULL = YES;
				CLANG_ANALYZER_NUMBER_OBJECT_CONVERSION = YES_AGGRESSIVE;
				CLANG_CXX_LANGUAGE_STANDARD = "gnu++20";
				CLANG_ENABLE_MODULES = YES;
				CLANG_ENABLE_OBJC_ARC = YES;
				CLANG_ENABLE_OBJC_WEAK = YES;
				CLANG_WARN_BLOCK_CAPTURE_AUTORELEASING = YES;
				CLANG_WARN_BOOL_CONVERSION = YES;
				CLANG_WARN_COMMA = YES;
				CLANG_WARN_CONSTANT_CONVERSION = YES;
				CLANG_WARN_DEPRECATED_OBJC_IMPLEMENTATIONS = YES;
				CLANG_WARN_DIRECT_OBJC_ISA_USAGE = YES_ERROR;
				CLANG_WARN_DOCUMENTATION_COMMENTS = YES;
				CLANG_WARN_EMPTY_BODY = YES;
				CLANG_WARN_ENUM_CONVERSION = YES;
				CLANG_WARN_INFINITE_RECURSION = YES;
				CLANG_WARN_INT_CONVERSION = YES;
				CLANG_WARN_NON_LITERAL_NULL_CONVERSION = YES;
				CLANG_WARN_OBJC_IMPLICIT_RETAIN_SELF = YES;
				CLANG_WARN_OBJC_LITERAL_CONVERSION = YES;
				CLANG_WARN_OBJC_ROOT_CLASS = YES_ERROR;
				CLANG_WARN_QUOTED_INCLUDE_IN_FRAMEWORK_HEADER = YES;
				CLANG_WARN_RANGE_LOOP_ANALYSIS = YES;
				CLANG_WARN_STRICT_PROTOTYPES = YES;
				CLANG_WARN_SUSPICIOUS_MOVE = YES;
				CLANG_WARN_UNGUARDED_AVAILABILITY = YES_AGGRESSIVE;
				CLANG_WARN_UNREACHABLE_CODE = YES;
				CLANG_WARN__DUPLICATE_METHOD_MATCH = YES;
				COPY_PHASE_STRIP = NO;
				DEBUG_INFORMATION_FORMAT = dwarf;
				ENABLE_STRICT_OBJC_MSGSEND = YES;
				ENABLE_TESTABILITY = YES;
				ENABLE_USER_SCRIPT_SANDBOXING = YES;
				GCC_C_LANGUAGE_STANDARD = gnu17;
				GCC_DYNAMIC_NO_PIC = NO;
				GCC_NO_COMMON_BLOCKS = YES;
				GCC_OPTIMIZATION_LEVEL = 0;
				GCC_PREPROCESSOR_DEFINITIONS = (
					"DEBUG=1",
					"$(inherited)",
				);
				GCC_WARN_64_TO_32_BIT_CONVERSION = YES;
				GCC_WARN_ABOUT_RETURN_TYPE = YES_ERROR;
				GCC_WARN_UNDECLARED_SELECTOR = YES;
				GCC_WARN_UNINITIALIZED_AUTOS = YES_AGGRESSIVE;
				GCC_WARN_UNUSED_FUNCTION = YES;
				GCC_WARN_UNUSED_VARIABLE = YES;
				IPHONEOS_DEPLOYMENT_TARGET = 18.0;
				LOCALIZATION_PREFERS_STRING_CATALOGS = YES;
				MTL_ENABLE_DEBUG_INFO = INCLUDE_SOURCE;
				MTL_FAST_MATH = YES;
				ONLY_ACTIVE_ARCH = YES;
				SDKROOT = iphoneos;
				SWIFT_ACTIVE_COMPILATION_CONDITIONS = "DEBUG $(inherited)";
				SWIFT_OPTIMIZATION_LEVEL = "-Onone";
			};
			name = Debug;
		};
		4B2B61422C5401DD00A1EEE6 /* Release */ = {
			isa = XCBuildConfiguration;
			buildSettings = {
				ALWAYS_SEARCH_USER_PATHS = NO;
				ASSETCATALOG_COMPILER_GENERATE_SWIFT_ASSET_SYMBOL_EXTENSIONS = YES;
				CLANG_ANALYZER_NONNULL = YES;
				CLANG_ANALYZER_NUMBER_OBJECT_CONVERSION = YES_AGGRESSIVE;
				CLANG_CXX_LANGUAGE_STANDARD = "gnu++20";
				CLANG_ENABLE_MODULES = YES;
				CLANG_ENABLE_OBJC_ARC = YES;
				CLANG_ENABLE_OBJC_WEAK = YES;
				CLANG_WARN_BLOCK_CAPTURE_AUTORELEASING = YES;
				CLANG_WARN_BOOL_CONVERSION = YES;
				CLANG_WARN_COMMA = YES;
				CLANG_WARN_CONSTANT_CONVERSION = YES;
				CLANG_WARN_DEPRECATED_OBJC_IMPLEMENTATIONS = YES;
				CLANG_WARN_DIRECT_OBJC_ISA_USAGE = YES_ERROR;
				CLANG_WARN_DOCUMENTATION_COMMENTS = YES;
				CLANG_WARN_EMPTY_BODY = YES;
				CLANG_WARN_ENUM_CONVERSION = YES;
				CLANG_WARN_INFINITE_RECURSION = YES;
				CLANG_WARN_INT_CONVERSION = YES;
				CLANG_WARN_NON_LITERAL_NULL_CONVERSION = YES;
				CLANG_WARN_OBJC_IMPLICIT_RETAIN_SELF = YES;
				CLANG_WARN_OBJC_LITERAL_CONVERSION = YES;
				CLANG_WARN_OBJC_ROOT_CLASS = YES_ERROR;
				CLANG_WARN_QUOTED_INCLUDE_IN_FRAMEWORK_HEADER = YES;
				CLANG_WARN_RANGE_LOOP_ANALYSIS = YES;
				CLANG_WARN_STRICT_PROTOTYPES = YES;
				CLANG_WARN_SUSPICIOUS_MOVE = YES;
				CLANG_WARN_UNGUARDED_AVAILABILITY = YES_AGGRESSIVE;
				CLANG_WARN_UNREACHABLE_CODE = YES;
				CLANG_WARN__DUPLICATE_METHOD_MATCH = YES;
				COPY_PHASE_STRIP = NO;
				DEBUG_INFORMATION_FORMAT = "dwarf-with-dsym";
				ENABLE_NS_ASSERTIONS = NO;
				ENABLE_STRICT_OBJC_MSGSEND = YES;
				ENABLE_USER_SCRIPT_SANDBOXING = YES;
				GCC_C_LANGUAGE_STANDARD = gnu17;
				GCC_NO_COMMON_BLOCKS = YES;
				GCC_WARN_64_TO_32_BIT_CONVERSION = YES;
				GCC_WARN_ABOUT_RETURN_TYPE = YES_ERROR;
				GCC_WARN_UNDECLARED_SELECTOR = YES;
				GCC_WARN_UNINITIALIZED_AUTOS = YES_AGGRESSIVE;
				GCC_WARN_UNUSED_FUNCTION = YES;
				GCC_WARN_UNUSED_VARIABLE = YES;
				IPHONEOS_DEPLOYMENT_TARGET = 18.0;
				LOCALIZATION_PREFERS_STRING_CATALOGS = YES;
				MTL_ENABLE_DEBUG_INFO = NO;
				MTL_FAST_MATH = YES;
				SDKROOT = iphoneos;
				SWIFT_COMPILATION_MODE = wholemodule;
				VALIDATE_PRODUCT = YES;
			};
			name = Release;
		};
		4B2B61442C5401DD00A1EEE6 /* Debug */ = {
			isa = XCBuildConfiguration;
			buildSettings = {
				ASSETCATALOG_COMPILER_APPICON_NAME = AppIcon;
				ASSETCATALOG_COMPILER_GLOBAL_ACCENT_COLOR_NAME = AccentColor;
				CODE_SIGN_STYLE = Automatic;
				CURRENT_PROJECT_VERSION = 1;
				DEVELOPMENT_ASSET_PATHS = "\"Development/Preview Content\"";
				DEVELOPMENT_TEAM = KU2QEJ9K3Z;
				ENABLE_PREVIEWS = YES;
				GENERATE_INFOPLIST_FILE = YES;
				INFOPLIST_KEY_UIApplicationSceneManifest_Generation = YES;
				INFOPLIST_KEY_UIApplicationSupportsIndirectInputEvents = YES;
				INFOPLIST_KEY_UILaunchScreen_Generation = YES;
				INFOPLIST_KEY_UISupportedInterfaceOrientations_iPad = "UIInterfaceOrientationPortrait UIInterfaceOrientationPortraitUpsideDown UIInterfaceOrientationLandscapeLeft UIInterfaceOrientationLandscapeRight";
				INFOPLIST_KEY_UISupportedInterfaceOrientations_iPhone = "UIInterfaceOrientationPortrait UIInterfaceOrientationLandscapeLeft UIInterfaceOrientationLandscapeRight";
				LD_RUNPATH_SEARCH_PATHS = (
					"$(inherited)",
					"@executable_path/Frameworks",
				);
				MARKETING_VERSION = 1.0;
				PRODUCT_BUNDLE_IDENTIFIER = "app.muukii.swiiftui-blanket-development2";
				PRODUCT_NAME = "$(TARGET_NAME)";
				SWIFT_EMIT_LOC_STRINGS = YES;
				SWIFT_VERSION = 5.0;
				TARGETED_DEVICE_FAMILY = "1,2";
			};
			name = Debug;
		};
		4B2B61452C5401DD00A1EEE6 /* Release */ = {
			isa = XCBuildConfiguration;
			buildSettings = {
				ASSETCATALOG_COMPILER_APPICON_NAME = AppIcon;
				ASSETCATALOG_COMPILER_GLOBAL_ACCENT_COLOR_NAME = AccentColor;
				CODE_SIGN_STYLE = Automatic;
				CURRENT_PROJECT_VERSION = 1;
				DEVELOPMENT_ASSET_PATHS = "\"Development/Preview Content\"";
				DEVELOPMENT_TEAM = KU2QEJ9K3Z;
				ENABLE_PREVIEWS = YES;
				GENERATE_INFOPLIST_FILE = YES;
				INFOPLIST_KEY_UIApplicationSceneManifest_Generation = YES;
				INFOPLIST_KEY_UIApplicationSupportsIndirectInputEvents = YES;
				INFOPLIST_KEY_UILaunchScreen_Generation = YES;
				INFOPLIST_KEY_UISupportedInterfaceOrientations_iPad = "UIInterfaceOrientationPortrait UIInterfaceOrientationPortraitUpsideDown UIInterfaceOrientationLandscapeLeft UIInterfaceOrientationLandscapeRight";
				INFOPLIST_KEY_UISupportedInterfaceOrientations_iPhone = "UIInterfaceOrientationPortrait UIInterfaceOrientationLandscapeLeft UIInterfaceOrientationLandscapeRight";
				LD_RUNPATH_SEARCH_PATHS = (
					"$(inherited)",
					"@executable_path/Frameworks",
				);
				MARKETING_VERSION = 1.0;
				PRODUCT_BUNDLE_IDENTIFIER = "app.muukii.swiiftui-blanket-development2";
				PRODUCT_NAME = "$(TARGET_NAME)";
				SWIFT_EMIT_LOC_STRINGS = YES;
				SWIFT_VERSION = 5.0;
				TARGETED_DEVICE_FAMILY = "1,2";
			};
			name = Release;
		};
		4B2B61472C5401DD00A1EEE6 /* Debug */ = {
			isa = XCBuildConfiguration;
			buildSettings = {
				BUNDLE_LOADER = "$(TEST_HOST)";
				CODE_SIGN_STYLE = Automatic;
				CURRENT_PROJECT_VERSION = 1;
				GENERATE_INFOPLIST_FILE = YES;
				IPHONEOS_DEPLOYMENT_TARGET = 18.0;
				MARKETING_VERSION = 1.0;
				PRODUCT_BUNDLE_IDENTIFIER = app.muukii.DevelopmentTests;
				PRODUCT_NAME = "$(TARGET_NAME)";
				SWIFT_EMIT_LOC_STRINGS = NO;
				SWIFT_VERSION = 5.0;
				TARGETED_DEVICE_FAMILY = "1,2";
				TEST_HOST = "$(BUILT_PRODUCTS_DIR)/Development.app/$(BUNDLE_EXECUTABLE_FOLDER_PATH)/Development";
			};
			name = Debug;
		};
		4B2B61482C5401DD00A1EEE6 /* Release */ = {
			isa = XCBuildConfiguration;
			buildSettings = {
				BUNDLE_LOADER = "$(TEST_HOST)";
				CODE_SIGN_STYLE = Automatic;
				CURRENT_PROJECT_VERSION = 1;
				GENERATE_INFOPLIST_FILE = YES;
				IPHONEOS_DEPLOYMENT_TARGET = 18.0;
				MARKETING_VERSION = 1.0;
				PRODUCT_BUNDLE_IDENTIFIER = app.muukii.DevelopmentTests;
				PRODUCT_NAME = "$(TARGET_NAME)";
				SWIFT_EMIT_LOC_STRINGS = NO;
				SWIFT_VERSION = 5.0;
				TARGETED_DEVICE_FAMILY = "1,2";
				TEST_HOST = "$(BUILT_PRODUCTS_DIR)/Development.app/$(BUNDLE_EXECUTABLE_FOLDER_PATH)/Development";
			};
			name = Release;
		};
		4B2B614A2C5401DD00A1EEE6 /* Debug */ = {
			isa = XCBuildConfiguration;
			buildSettings = {
				CODE_SIGN_STYLE = Automatic;
				CURRENT_PROJECT_VERSION = 1;
				GENERATE_INFOPLIST_FILE = YES;
				MARKETING_VERSION = 1.0;
				PRODUCT_BUNDLE_IDENTIFIER = app.muukii.DevelopmentUITests;
				PRODUCT_NAME = "$(TARGET_NAME)";
				SWIFT_EMIT_LOC_STRINGS = NO;
				SWIFT_VERSION = 5.0;
				TARGETED_DEVICE_FAMILY = "1,2";
				TEST_TARGET_NAME = Development;
			};
			name = Debug;
		};
		4B2B614B2C5401DD00A1EEE6 /* Release */ = {
			isa = XCBuildConfiguration;
			buildSettings = {
				CODE_SIGN_STYLE = Automatic;
				CURRENT_PROJECT_VERSION = 1;
				GENERATE_INFOPLIST_FILE = YES;
				MARKETING_VERSION = 1.0;
				PRODUCT_BUNDLE_IDENTIFIER = app.muukii.DevelopmentUITests;
				PRODUCT_NAME = "$(TARGET_NAME)";
				SWIFT_EMIT_LOC_STRINGS = NO;
				SWIFT_VERSION = 5.0;
				TARGETED_DEVICE_FAMILY = "1,2";
				TEST_TARGET_NAME = Development;
			};
			name = Release;
		};
/* End XCBuildConfiguration section */

/* Begin XCConfigurationList section */
		4B2B611A2C5401DB00A1EEE6 /* Build configuration list for PBXProject "Development" */ = {
			isa = XCConfigurationList;
			buildConfigurations = (
				4B2B61412C5401DD00A1EEE6 /* Debug */,
				4B2B61422C5401DD00A1EEE6 /* Release */,
			);
			defaultConfigurationIsVisible = 0;
			defaultConfigurationName = Release;
		};
		4B2B61432C5401DD00A1EEE6 /* Build configuration list for PBXNativeTarget "Development" */ = {
			isa = XCConfigurationList;
			buildConfigurations = (
				4B2B61442C5401DD00A1EEE6 /* Debug */,
				4B2B61452C5401DD00A1EEE6 /* Release */,
			);
			defaultConfigurationIsVisible = 0;
			defaultConfigurationName = Release;
		};
		4B2B61462C5401DD00A1EEE6 /* Build configuration list for PBXNativeTarget "DevelopmentTests" */ = {
			isa = XCConfigurationList;
			buildConfigurations = (
				4B2B61472C5401DD00A1EEE6 /* Debug */,
				4B2B61482C5401DD00A1EEE6 /* Release */,
			);
			defaultConfigurationIsVisible = 0;
			defaultConfigurationName = Release;
		};
		4B2B61492C5401DD00A1EEE6 /* Build configuration list for PBXNativeTarget "DevelopmentUITests" */ = {
			isa = XCConfigurationList;
			buildConfigurations = (
				4B2B614A2C5401DD00A1EEE6 /* Debug */,
				4B2B614B2C5401DD00A1EEE6 /* Release */,
			);
			defaultConfigurationIsVisible = 0;
			defaultConfigurationName = Release;
		};
/* End XCConfigurationList section */

/* Begin XCLocalSwiftPackageReference section */
		4B2B614C2C54020000A1EEE6 /* XCLocalSwiftPackageReference "../../swiftui-blanket" */ = {
			isa = XCLocalSwiftPackageReference;
			relativePath = "../../swiftui-blanket";
		};
/* End XCLocalSwiftPackageReference section */

/* Begin XCSwiftPackageProductDependency section */
		4B2B614D2C54020000A1EEE6 /* SwiftUIBlanket */ = {
			isa = XCSwiftPackageProductDependency;
			productName = SwiftUIBlanket;
		};
/* End XCSwiftPackageProductDependency section */
	};
	rootObject = 4B2B61172C5401DB00A1EEE6 /* Project object */;
}
