{
  "originHash" : "4feb276c8131eb6c3ea629c1ad0dce99826163e0566a9404b6a2f9044d5cf5bf",
  "pins" : [
    {
      "identity" : "swift-rubber-banding",
      "kind" : "remoteSourceControl",
      "location" : "https://github.com/FluidGroup/swift-rubber-banding",
      "state" : {
        "revision" : "f2dbd09829c6267db0a769e7c37fe332dab0b675",
        "version" : "1.0.0"
      }
    },
    {
      "identity" : "swiftui-support",
      "kind" : "remoteSourceControl",
      "location" : "https://github.com/FluidGroup/swiftui-support",
      "state" : {
        "revision" : "266e052494f8b7432374ad19a4bd31877cf54640",
        "version" : "0.10.0"
      }
    }
  ],
  "version" : 3
}
